
Microsoft Visual Studio Solution File, Format Version 12.00
# Visual Studio Version 16
VisualStudioVersion = 16.0.33529.622
MinimumVisualStudioVersion = 10.0.40219.1
Project("{FAE04EC0-301F-11D3-BF4B-00C04F79EFBC}") = "WriteLineDemo2", "WriteLineDemo2\WriteLineDemo2.csproj", "{2DDA6145-F37D-458D-9514-ACC2EB0F7173}"
EndProject
Global
	GlobalSection(SolutionConfigurationPlatforms) = preSolution
		Debug|Any CPU = Debug|Any CPU
		Release|Any CPU = Release|Any CPU
	EndGlobalSection
	GlobalSection(ProjectConfigurationPlatforms) = postSolution
		{2DDA6145-F37D-458D-9514-ACC2EB0F7173}.Debug|Any CPU.ActiveCfg = Debug|Any CPU
		{2DDA6145-F37D-458D-9514-ACC2EB0F7173}.Debug|Any CPU.Build.0 = Debug|Any CPU
		{2DDA6145-F37D-458D-9514-ACC2EB0F7173}.Release|Any CPU.ActiveCfg = Release|Any CPU
		{2DDA6145-F37D-458D-9514-ACC2EB0F7173}.Release|Any CPU.Build.0 = Release|Any CPU
	EndGlobalSection
	GlobalSection(SolutionProperties) = preSolution
		HideSolutionNode = FALSE
	EndGlobalSection
	GlobalSection(ExtensibilityGlobals) = postSolution
		SolutionGuid = {5218C72C-A62A-482F-9D54-E3D8570FD549}
	EndGlobalSection
EndGlobal
