
Microsoft Visual Studio Solution File, Format Version 12.00
# Visual Studio Version 16
VisualStudioVersion = 16.0.33529.622
MinimumVisualStudioVersion = 10.0.40219.1
Project("{FAE04EC0-301F-11D3-BF4B-00C04F79EFBC}") = "string", "string\string.csproj", "{5873C4C8-DE6E-47C7-A605-566D347185CA}"
EndProject
Global
	GlobalSection(SolutionConfigurationPlatforms) = preSolution
		Debug|Any CPU = Debug|Any CPU
		Release|Any CPU = Release|Any CPU
	EndGlobalSection
	GlobalSection(ProjectConfigurationPlatforms) = postSolution
		{5873C4C8-DE6E-47C7-A605-566D347185CA}.Debug|Any CPU.ActiveCfg = Debug|Any CPU
		{5873C4C8-DE6E-47C7-A605-566D347185CA}.Debug|Any CPU.Build.0 = Debug|Any CPU
		{5873C4C8-DE6E-47C7-A605-566D347185CA}.Release|Any CPU.ActiveCfg = Release|Any CPU
		{5873C4C8-DE6E-47C7-A605-566D347185CA}.Release|Any CPU.Build.0 = Release|Any CPU
	EndGlobalSection
	GlobalSection(SolutionProperties) = preSolution
		HideSolutionNode = FALSE
	EndGlobalSection
	GlobalSection(ExtensibilityGlobals) = postSolution
		SolutionGuid = {22A6533C-70B9-440B-A9E6-5EEBD79AF671}
	EndGlobalSection
EndGlobal
