
Microsoft Visual Studio Solution File, Format Version 12.00
# Visual Studio Version 16
VisualStudioVersion = 16.0.33529.622
MinimumVisualStudioVersion = 10.0.40219.1
Project("{FAE04EC0-301F-11D3-BF4B-00C04F79EFBC}") = "ForExample", "ForExample\ForExample.csproj", "{9E5838D7-79B5-44AB-B174-AE19A8BA9456}"
EndProject
Global
	GlobalSection(SolutionConfigurationPlatforms) = preSolution
		Debug|Any CPU = Debug|Any CPU
		Release|Any CPU = Release|Any CPU
	EndGlobalSection
	GlobalSection(ProjectConfigurationPlatforms) = postSolution
		{9E5838D7-79B5-44AB-B174-AE19A8BA9456}.Debug|Any CPU.ActiveCfg = Debug|Any CPU
		{9E5838D7-79B5-44AB-B174-AE19A8BA9456}.Debug|Any CPU.Build.0 = Debug|Any CPU
		{9E5838D7-79B5-44AB-B174-AE19A8BA9456}.Release|Any CPU.ActiveCfg = Release|Any CPU
		{9E5838D7-79B5-44AB-B174-AE19A8BA9456}.Release|Any CPU.Build.0 = Release|Any CPU
	EndGlobalSection
	GlobalSection(SolutionProperties) = preSolution
		HideSolutionNode = FALSE
	EndGlobalSection
	GlobalSection(ExtensibilityGlobals) = postSolution
		SolutionGuid = {05A44C21-EECB-4A89-B9BC-8E64F8104E4D}
	EndGlobalSection
EndGlobal
