
Microsoft Visual Studio Solution File, Format Version 12.00
# Visual Studio Version 16
VisualStudioVersion = 16.0.33529.622
MinimumVisualStudioVersion = 10.0.40219.1
Project("{FAE04EC0-301F-11D3-BF4B-00C04F79EFBC}") = "Math", "Math\Math.csproj", "{E0CE03E2-6564-4B84-8FD7-0E1F9C46C812}"
EndProject
Global
	GlobalSection(SolutionConfigurationPlatforms) = preSolution
		Debug|Any CPU = Debug|Any CPU
		Release|Any CPU = Release|Any CPU
	EndGlobalSection
	GlobalSection(ProjectConfigurationPlatforms) = postSolution
		{E0CE03E2-6564-4B84-8FD7-0E1F9C46C812}.Debug|Any CPU.ActiveCfg = Debug|Any CPU
		{E0CE03E2-6564-4B84-8FD7-0E1F9C46C812}.Debug|Any CPU.Build.0 = Debug|Any CPU
		{E0CE03E2-6564-4B84-8FD7-0E1F9C46C812}.Release|Any CPU.ActiveCfg = Release|Any CPU
		{E0CE03E2-6564-4B84-8FD7-0E1F9C46C812}.Release|Any CPU.Build.0 = Release|Any CPU
	EndGlobalSection
	GlobalSection(SolutionProperties) = preSolution
		HideSolutionNode = FALSE
	EndGlobalSection
	GlobalSection(ExtensibilityGlobals) = postSolution
		SolutionGuid = {17C89109-2FB6-4642-A36C-136134E2080E}
	EndGlobalSection
EndGlobal
