
Microsoft Visual Studio Solution File, Format Version 12.00
# Visual Studio Version 16
VisualStudioVersion = 16.0.33529.622
MinimumVisualStudioVersion = 10.0.40219.1
Project("{FAE04EC0-301F-11D3-BF4B-00C04F79EFBC}") = "EmptySTatement", "EmptySTatement\EmptySTatement.csproj", "{B86F775C-AE81-432B-8C70-547F60EBD55C}"
EndProject
Global
	GlobalSection(SolutionConfigurationPlatforms) = preSolution
		Debug|Any CPU = Debug|Any CPU
		Release|Any CPU = Release|Any CPU
	EndGlobalSection
	GlobalSection(ProjectConfigurationPlatforms) = postSolution
		{B86F775C-AE81-432B-8C70-547F60EBD55C}.Debug|Any CPU.ActiveCfg = Debug|Any CPU
		{B86F775C-AE81-432B-8C70-547F60EBD55C}.Debug|Any CPU.Build.0 = Debug|Any CPU
		{B86F775C-AE81-432B-8C70-547F60EBD55C}.Release|Any CPU.ActiveCfg = Release|Any CPU
		{B86F775C-AE81-432B-8C70-547F60EBD55C}.Release|Any CPU.Build.0 = Release|Any CPU
	EndGlobalSection
	GlobalSection(SolutionProperties) = preSolution
		HideSolutionNode = FALSE
	EndGlobalSection
	GlobalSection(ExtensibilityGlobals) = postSolution
		SolutionGuid = {0AFD4E2B-883E-42EC-A74D-C6BA6E120358}
	EndGlobalSection
EndGlobal
