
Microsoft Visual Studio Solution File, Format Version 12.00
# Visual Studio Version 16
VisualStudioVersion = 16.0.33529.622
MinimumVisualStudioVersion = 10.0.40219.1
Project("{FAE04EC0-301F-11D3-BF4B-00C04F79EFBC}") = "ConsoleApp1", "ConsoleApp1\ConsoleApp1.csproj", "{723C1533-0439-4F11-B1AA-1E1E25276E35}"
EndProject
Global
	GlobalSection(SolutionConfigurationPlatforms) = preSolution
		Debug|Any CPU = Debug|Any CPU
		Release|Any CPU = Release|Any CPU
	EndGlobalSection
	GlobalSection(ProjectConfigurationPlatforms) = postSolution
		{723C1533-0439-4F11-B1AA-1E1E25276E35}.Debug|Any CPU.ActiveCfg = Debug|Any CPU
		{723C1533-0439-4F11-B1AA-1E1E25276E35}.Debug|Any CPU.Build.0 = Debug|Any CPU
		{723C1533-0439-4F11-B1AA-1E1E25276E35}.Release|Any CPU.ActiveCfg = Release|Any CPU
		{723C1533-0439-4F11-B1AA-1E1E25276E35}.Release|Any CPU.Build.0 = Release|Any CPU
	EndGlobalSection
	GlobalSection(SolutionProperties) = preSolution
		HideSolutionNode = FALSE
	EndGlobalSection
	GlobalSection(ExtensibilityGlobals) = postSolution
		SolutionGuid = {9862A77B-254E-4D96-8ADB-4F6C04A7067F}
	EndGlobalSection
EndGlobal
