
Microsoft Visual Studio Solution File, Format Version 12.00
# Visual Studio Version 16
VisualStudioVersion = 16.0.33529.622
MinimumVisualStudioVersion = 10.0.40219.1
Project("{FAE04EC0-301F-11D3-BF4B-00C04F79EFBC}") = "FunctionNote", "FunctionNote\FunctionNote.csproj", "{4183682E-5300-4469-862A-C974EE92954B}"
EndProject
Global
	GlobalSection(SolutionConfigurationPlatforms) = preSolution
		Debug|Any CPU = Debug|Any CPU
		Release|Any CPU = Release|Any CPU
	EndGlobalSection
	GlobalSection(ProjectConfigurationPlatforms) = postSolution
		{4183682E-5300-4469-862A-C974EE92954B}.Debug|Any CPU.ActiveCfg = Debug|Any CPU
		{4183682E-5300-4469-862A-C974EE92954B}.Debug|Any CPU.Build.0 = Debug|Any CPU
		{4183682E-5300-4469-862A-C974EE92954B}.Release|Any CPU.ActiveCfg = Release|Any CPU
		{4183682E-5300-4469-862A-C974EE92954B}.Release|Any CPU.Build.0 = Release|Any CPU
	EndGlobalSection
	GlobalSection(SolutionProperties) = preSolution
		HideSolutionNode = FALSE
	EndGlobalSection
	GlobalSection(ExtensibilityGlobals) = postSolution
		SolutionGuid = {BC5F70FB-578B-400E-8ED9-5480E209E8BD}
	EndGlobalSection
EndGlobal
