
Microsoft Visual Studio Solution File, Format Version 12.00
# Visual Studio Version 16
VisualStudioVersion = 16.0.33529.622
MinimumVisualStudioVersion = 10.0.40219.1
Project("{FAE04EC0-301F-11D3-BF4B-00C04F79EFBC}") = "Array", "Array\Array.csproj", "{EA6ACBEE-8564-409D-9E29-04A451481883}"
EndProject
Global
	GlobalSection(SolutionConfigurationPlatforms) = preSolution
		Debug|Any CPU = Debug|Any CPU
		Release|Any CPU = Release|Any CPU
	EndGlobalSection
	GlobalSection(ProjectConfigurationPlatforms) = postSolution
		{EA6ACBEE-8564-409D-9E29-04A451481883}.Debug|Any CPU.ActiveCfg = Debug|Any CPU
		{EA6ACBEE-8564-409D-9E29-04A451481883}.Debug|Any CPU.Build.0 = Debug|Any CPU
		{EA6ACBEE-8564-409D-9E29-04A451481883}.Release|Any CPU.ActiveCfg = Release|Any CPU
		{EA6ACBEE-8564-409D-9E29-04A451481883}.Release|Any CPU.Build.0 = Release|Any CPU
	EndGlobalSection
	GlobalSection(SolutionProperties) = preSolution
		HideSolutionNode = FALSE
	EndGlobalSection
	GlobalSection(ExtensibilityGlobals) = postSolution
		SolutionGuid = {32A2FDB8-AD07-45C1-8572-F85E147C4B18}
	EndGlobalSection
EndGlobal
