
Microsoft Visual Studio Solution File, Format Version 12.00
# Visual Studio Version 16
VisualStudioVersion = 16.0.33529.622
MinimumVisualStudioVersion = 10.0.40219.1
Project("{FAE04EC0-301F-11D3-BF4B-00C04F79EFBC}") = "BitXor", "BitXor\BitXor.csproj", "{A149D7A2-B8B6-47F2-B675-13EA1AF85DC1}"
EndProject
Global
	GlobalSection(SolutionConfigurationPlatforms) = preSolution
		Debug|Any CPU = Debug|Any CPU
		Release|Any CPU = Release|Any CPU
	EndGlobalSection
	GlobalSection(ProjectConfigurationPlatforms) = postSolution
		{A149D7A2-B8B6-47F2-B675-13EA1AF85DC1}.Debug|Any CPU.ActiveCfg = Debug|Any CPU
		{A149D7A2-B8B6-47F2-B675-13EA1AF85DC1}.Debug|Any CPU.Build.0 = Debug|Any CPU
		{A149D7A2-B8B6-47F2-B675-13EA1AF85DC1}.Release|Any CPU.ActiveCfg = Release|Any CPU
		{A149D7A2-B8B6-47F2-B675-13EA1AF85DC1}.Release|Any CPU.Build.0 = Release|Any CPU
	EndGlobalSection
	GlobalSection(SolutionProperties) = preSolution
		HideSolutionNode = FALSE
	EndGlobalSection
	GlobalSection(ExtensibilityGlobals) = postSolution
		SolutionGuid = {D2B6592D-AC8C-41A5-91F9-D1C10EAB679D}
	EndGlobalSection
EndGlobal
