
Microsoft Visual Studio Solution File, Format Version 12.00
# Visual Studio Version 16
VisualStudioVersion = 16.0.33529.622
MinimumVisualStudioVersion = 10.0.40219.1
Project("{FAE04EC0-301F-11D3-BF4B-00C04F79EFBC}") = "Enum", "Enum\Enum.csproj", "{88AE38FC-8F78-4E9B-AC3D-033CD1BEEFEB}"
EndProject
Global
	GlobalSection(SolutionConfigurationPlatforms) = preSolution
		Debug|Any CPU = Debug|Any CPU
		Release|Any CPU = Release|Any CPU
	EndGlobalSection
	GlobalSection(ProjectConfigurationPlatforms) = postSolution
		{88AE38FC-8F78-4E9B-AC3D-033CD1BEEFEB}.Debug|Any CPU.ActiveCfg = Debug|Any CPU
		{88AE38FC-8F78-4E9B-AC3D-033CD1BEEFEB}.Debug|Any CPU.Build.0 = Debug|Any CPU
		{88AE38FC-8F78-4E9B-AC3D-033CD1BEEFEB}.Release|Any CPU.ActiveCfg = Release|Any CPU
		{88AE38FC-8F78-4E9B-AC3D-033CD1BEEFEB}.Release|Any CPU.Build.0 = Release|Any CPU
	EndGlobalSection
	GlobalSection(SolutionProperties) = preSolution
		HideSolutionNode = FALSE
	EndGlobalSection
	GlobalSection(ExtensibilityGlobals) = postSolution
		SolutionGuid = {79E5AC5D-304A-451E-87B7-AD3666498C30}
	EndGlobalSection
EndGlobal
